// !$*UTF8*$!
{
	archiveVersion = 1;
	classes = {
	};
	objectVersion = 50;
	objects = {

/* Begin PBXBuildFile section */
		584B09B025A36B2500702641 /* AppDelegate.swift in Sources */ = {isa = PBXBuildFile; fileRef = 584B09AF25A36B2500702641 /* AppDelegate.swift */; };
		584B09B225A36B2500702641 /* SceneDelegate.swift in Sources */ = {isa = PBXBuildFile; fileRef = 584B09B125A36B2500702641 /* SceneDelegate.swift */; };
		584B09B425A36B2500702641 /* ViewController.swift in Sources */ = {isa = PBXBuildFile; fileRef = 584B09B325A36B2500702641 /* ViewController.swift */; };
		584B09B725A36B2500702641 /* Main.storyboard in Resources */ = {isa = PBXBuildFile; fileRef = 584B09B525A36B2500702641 /* Main.storyboard */; };
		584B09B925A36B2700702641 /* Assets.xcassets in Resources */ = {isa = PBXBuildFile; fileRef = 584B09B825A36B2700702641 /* Assets.xcassets */; };
		584B09BC25A36B2700702641 /* LaunchScreen.storyboard in Resources */ = {isa = PBXBuildFile; fileRef = 584B09BA25A36B2700702641 /* LaunchScreen.storyboard */; };
		584B09C725A36B2700702641 /* TipCalculatorLegitTests.swift in Sources */ = {isa = PBXBuildFile; fileRef = 584B09C625A36B2700702641 /* TipCalculatorLegitTests.swift */; };
		584B09D225A36B2700702641 /* TipCalculatorLegitUITests.swift in Sources */ = {isa = PBXBuildFile; fileRef = 584B09D125A36B2700702641 /* TipCalculatorLegitUITests.swift */; };
/* End PBXBuildFile section */

/* Begin PBXContainerItemProxy section */
		584B09C325A36B2700702641 /* PBXContainerItemProxy */ = {
			isa = PBXContainerItemProxy;
			containerPortal = 584B09A425A36B2500702641 /* Project object */;
			proxyType = 1;
			remoteGlobalIDString = 584B09AB25A36B2500702641;
			remoteInfo = TipCalculatorLegit;
		};
		584B09CE25A36B2700702641 /* PBXContainerItemProxy */ = {
			isa = PBXContainerItemProxy;
			containerPortal = 584B09A425A36B2500702641 /* Project object */;
			proxyType = 1;
			remoteGlobalIDString = 584B09AB25A36B2500702641;
			remoteInfo = TipCalculatorLegit;
		};
/* End PBXContainerItemProxy section */

/* Begin PBXFileReference section */
		584B09AC25A36B2500702641 /* TipCalculatorLegit.app */ = {isa = PBXFileReference; explicitFileType = wrapper.application; includeInIndex = 0; path = TipCalculatorLegit.app; sourceTree = BUILT_PRODUCTS_DIR; };
		584B09AF25A36B2500702641 /* AppDelegate.swift */ = {isa = PBXFileReference; lastKnownFileType = sourcecode.swift; path = AppDelegate.swift; sourceTree = "<group>"; };
		584B09B125A36B2500702641 /* SceneDelegate.swift */ = {isa = PBXFileReference; lastKnownFileType = sourcecode.swift; path = SceneDelegate.swift; sourceTree = "<group>"; };
		584B09B325A36B2500702641 /* ViewController.swift */ = {isa = PBXFileReference; lastKnownFileType = sourcecode.swift; path = ViewController.swift; sourceTree = "<group>"; };
		584B09B625A36B2500702641 /* Base */ = {isa = PBXFileReference; lastKnownFileType = file.storyboard; name = Base; path = Base.lproj/Main.storyboard; sourceTree = "<group>"; };
		584B09B825A36B2700702641 /* Assets.xcassets */ = {isa = PBXFileReference; lastKnownFileType = folder.assetcatalog; path = Assets.xcassets; sourceTree = "<group>"; };
		584B09BB25A36B2700702641 /* Base */ = {isa = PBXFileReference; lastKnownFileType = file.storyboard; name = Base; path = Base.lproj/LaunchScreen.storyboard; sourceTree = "<group>"; };
		584B09BD25A36B2700702641 /* Info.plist */ = {isa = PBXFileReference; lastKnownFileType = text.plist.xml; path = Info.plist; sourceTree = "<group>"; };
		584B09C225A36B2700702641 /* TipCalculatorLegitTests.xctest */ = {isa = PBXFileReference; explicitFileType = wrapper.cfbundle; includeInIndex = 0; path = TipCalculatorLegitTests.xctest; sourceTree = BUILT_PRODUCTS_DIR; };
		584B09C625A36B2700702641 /* TipCalculatorLegitTests.swift */ = {isa = PBXFileReference; lastKnownFileType = sourcecode.swift; path = TipCalculatorLegitTests.swift; sourceTree = "<group>"; };
		584B09C825A36B2700702641 /* Info.plist */ = {isa = PBXFileReference; lastKnownFileType = text.plist.xml; path = Info.plist; sourceTree = "<group>"; };
		584B09CD25A36B2700702641 /* TipCalculatorLegitUITests.xctest */ = {isa = PBXFileReference; explicitFileType = wrapper.cfbundle; includeInIndex = 0; path = TipCalculatorLegitUITests.xctest; sourceTree = BUILT_PRODUCTS_DIR; };
		584B09D125A36B2700702641 /* TipCalculatorLegitUITests.swift */ = {isa = PBXFileReference; lastKnownFileType = sourcecode.swift; path = TipCalculatorLegitUITests.swift; sourceTree = "<group>"; };
		584B09D325A36B2700702641 /* Info.plist */ = {isa = PBXFileReference; lastKnownFileType = text.plist.xml; path = Info.plist; sourceTree = "<group>"; };
/* End PBXFileReference section */

/* Begin PBXFrameworksBuildPhase section */
		584B09A925A36B2500702641 /* Frameworks */ = {
			isa = PBXFrameworksBuildPhase;
			buildActionMask = 2147483647;
			files = (
			);
			runOnlyForDeploymentPostprocessing = 0;
		};
		584B09BF25A36B2700702641 /* Frameworks */ = {
			isa = PBXFrameworksBuildPhase;
			buildActionMask = 2147483647;
			files = (
			);
			runOnlyForDeploymentPostprocessing = 0;
		};
		584B09CA25A36B2700702641 /* Frameworks */ = {
			isa = PBXFrameworksBuildPhase;
			buildActionMask = 2147483647;
			files = (
			);
			runOnlyForDeploymentPostprocessing = 0;
		};
/* End PBXFrameworksBuildPhase section */

/* Begin PBXGroup section */
		584B09A325A36B2500702641 = {
			isa = PBXGroup;
			children = (
				584B09AE25A36B2500702641 /* TipCalculatorLegit */,
				584B09C525A36B2700702641 /* TipCalculatorLegitTests */,
				584B09D025A36B2700702641 /* TipCalculatorLegitUITests */,
				584B09AD25A36B2500702641 /* Products */,
			);
			sourceTree = "<group>";
		};
		584B09AD25A36B2500702641 /* Products */ = {
			isa = PBXGroup;
			children = (
				584B09AC25A36B2500702641 /* TipCalculatorLegit.app */,
				584B09C225A36B2700702641 /* TipCalculatorLegitTests.xctest */,
				584B09CD25A36B2700702641 /* TipCalculatorLegitUITests.xctest */,
			);
			name = Products;
			sourceTree = "<group>";
		};
		584B09AE25A36B2500702641 /* TipCalculatorLegit */ = {
			isa = PBXGroup;
			children = (
				584B09AF25A36B2500702641 /* AppDelegate.swift */,
				584B09B125A36B2500702641 /* SceneDelegate.swift */,
				584B09B325A36B2500702641 /* ViewController.swift */,
				584B09B525A36B2500702641 /* Main.storyboard */,
				584B09B825A36B2700702641 /* Assets.xcassets */,
				584B09BA25A36B2700702641 /* LaunchScreen.storyboard */,
				584B09BD25A36B2700702641 /* Info.plist */,
			);
			path = TipCalculatorLegit;
			sourceTree = "<group>";
		};
		584B09C525A36B2700702641 /* TipCalculatorLegitTests */ = {
			isa = PBXGroup;
			children = (
				584B09C625A36B2700702641 /* TipCalculatorLegitTests.swift */,
				584B09C825A36B2700702641 /* Info.plist */,
			);
			path = TipCalculatorLegitTests;
			sourceTree = "<group>";
		};
		584B09D025A36B2700702641 /* TipCalculatorLegitUITests */ = {
			isa = PBXGroup;
			children = (
				584B09D125A36B2700702641 /* TipCalculatorLegitUITests.swift */,
				584B09D325A36B2700702641 /* Info.plist */,
			);
			path = TipCalculatorLegitUITests;
			sourceTree = "<group>";
		};
/* End PBXGroup section */

/* Begin PBXNativeTarget section */
		584B09AB25A36B2500702641 /* TipCalculatorLegit */ = {
			isa = PBXNativeTarget;
			buildConfigurationList = 584B09D625A36B2700702641 /* Build configuration list for PBXNativeTarget "TipCalculatorLegit" */;
			buildPhases = (
				584B09A825A36B2500702641 /* Sources */,
				584B09A925A36B2500702641 /* Frameworks */,
				584B09AA25A36B2500702641 /* Resources */,
			);
			buildRules = (
			);
			dependencies = (
			);
			name = TipCalculatorLegit;
			productName = TipCalculatorLegit;
			productReference = 584B09AC25A36B2500702641 /* TipCalculatorLegit.app */;
			productType = "com.apple.product-type.application";
		};
		584B09C125A36B2700702641 /* TipCalculatorLegitTests */ = {
			isa = PBXNativeTarget;
			buildConfigurationList = 584B09D925A36B2700702641 /* Build configuration list for PBXNativeTarget "TipCalculatorLegitTests" */;
			buildPhases = (
				584B09BE25A36B2700702641 /* Sources */,
				584B09BF25A36B2700702641 /* Frameworks */,
				584B09C025A36B2700702641 /* Resources */,
			);
			buildRules = (
			);
			dependencies = (
				584B09C425A36B2700702641 /* PBXTargetDependency */,
			);
			name = TipCalculatorLegitTests;
			productName = TipCalculatorLegitTests;
			productReference = 584B09C225A36B2700702641 /* TipCalculatorLegitTests.xctest */;
			productType = "com.apple.product-type.bundle.unit-test";
		};
		584B09CC25A36B2700702641 /* TipCalculatorLegitUITests */ = {
			isa = PBXNativeTarget;
			buildConfigurationList = 584B09DC25A36B2700702641 /* Build configuration list for PBXNativeTarget "TipCalculatorLegitUITests" */;
			buildPhases = (
				584B09C925A36B2700702641 /* Sources */,
				584B09CA25A36B2700702641 /* Frameworks */,
				584B09CB25A36B2700702641 /* Resources */,
			);
			buildRules = (
			);
			dependencies = (
				584B09CF25A36B2700702641 /* PBXTargetDependency */,
			);
			name = TipCalculatorLegitUITests;
			productName = TipCalculatorLegitUITests;
			productReference = 584B09CD25A36B2700702641 /* TipCalculatorLegitUITests.xctest */;
			productType = "com.apple.product-type.bundle.ui-testing";
		};
/* End PBXNativeTarget section */

/* Begin PBXProject section */
		584B09A425A36B2500702641 /* Project object */ = {
			isa = PBXProject;
			attributes = {
				LastSwiftUpdateCheck = 1230;
				LastUpgradeCheck = 1230;
				TargetAttributes = {
					584B09AB25A36B2500702641 = {
						CreatedOnToolsVersion = 12.3;
					};
					584B09C125A36B2700702641 = {
						CreatedOnToolsVersion = 12.3;
						TestTargetID = 584B09AB25A36B2500702641;
					};
					584B09CC25A36B2700702641 = {
						CreatedOnToolsVersion = 12.3;
						TestTargetID = 584B09AB25A36B2500702641;
					};
				};
			};
			buildConfigurationList = 584B09A725A36B2500702641 /* Build configuration list for PBXProject "TipCalculatorLegit" */;
			compatibilityVersion = "Xcode 9.3";
			developmentRegion = en;
			hasScannedForEncodings = 0;
			knownRegions = (
				en,
				Base,
			);
			mainGroup = 584B09A325A36B2500702641;
			productRefGroup = 584B09AD25A36B2500702641 /* Products */;
			projectDirPath = "";
			projectRoot = "";
			targets = (
				584B09AB25A36B2500702641 /* TipCalculatorLegit */,
				584B09C125A36B2700702641 /* TipCalculatorLegitTests */,
				584B09CC25A36B2700702641 /* TipCalculatorLegitUITests */,
			);
		};
/* End PBXProject section */

/* Begin PBXResourcesBuildPhase section */
		584B09AA25A36B2500702641 /* Resources */ = {
			isa = PBXResourcesBuildPhase;
			buildActionMask = 2147483647;
			files = (
				584B09BC25A36B2700702641 /* LaunchScreen.storyboard in Resources */,
				584B09B925A36B2700702641 /* Assets.xcassets in Resources */,
				584B09B725A36B2500702641 /* Main.storyboard in Resources */,
			);
			runOnlyForDeploymentPostprocessing = 0;
		};
		584B09C025A36B2700702641 /* Resources */ = {
			isa = PBXResourcesBuildPhase;
			buildActionMask = 2147483647;
			files = (
			);
			runOnlyForDeploymentPostprocessing = 0;
		};
		584B09CB25A36B2700702641 /* Resources */ = {
			isa = PBXResourcesBuildPhase;
			buildActionMask = 2147483647;
			files = (
			);
			runOnlyForDeploymentPostprocessing = 0;
		};
/* End PBXResourcesBuildPhase section */

/* Begin PBXSourcesBuildPhase section */
		584B09A825A36B2500702641 /* Sources */ = {
			isa = PBXSourcesBuildPhase;
			buildActionMask = 2147483647;
			files = (
				584B09B425A36B2500702641 /* ViewController.swift in Sources */,
				584B09B025A36B2500702641 /* AppDelegate.swift in Sources */,
				584B09B225A36B2500702641 /* SceneDelegate.swift in Sources */,
			);
			runOnlyForDeploymentPostprocessing = 0;
		};
		584B09BE25A36B2700702641 /* Sources */ = {
			isa = PBXSourcesBuildPhase;
			buildActionMask = 2147483647;
			files = (
				584B09C725A36B2700702641 /* TipCalculatorLegitTests.swift in Sources */,
			);
			runOnlyForDeploymentPostprocessing = 0;
		};
		584B09C925A36B2700702641 /* Sources */ = {
			isa = PBXSourcesBuildPhase;
			buildActionMask = 2147483647;
			files = (
				584B09D225A36B2700702641 /* TipCalculatorLegitUITests.swift in Sources */,
			);
			runOnlyForDeploymentPostprocessing = 0;
		};
/* End PBXSourcesBuildPhase section */

/* Begin PBXTargetDependency section */
		584B09C425A36B2700702641 /* PBXTargetDependency */ = {
			isa = PBXTargetDependency;
			target = 584B09AB25A36B2500702641 /* TipCalculatorLegit */;
			targetProxy = 584B09C325A36B2700702641 /* PBXContainerItemProxy */;
		};
		584B09CF25A36B2700702641 /* PBXTargetDependency */ = {
			isa = PBXTargetDependency;
			target = 584B09AB25A36B2500702641 /* TipCalculatorLegit */;
			targetProxy = 584B09CE25A36B2700702641 /* PBXContainerItemProxy */;
		};
/* End PBXTargetDependency section */

/* Begin PBXVariantGroup section */
		584B09B525A36B2500702641 /* Main.storyboard */ = {
			isa = PBXVariantGroup;
			children = (
				584B09B625A36B2500702641 /* Base */,
			);
			name = Main.storyboard;
			sourceTree = "<group>";
		};
		584B09BA25A36B2700702641 /* LaunchScreen.storyboard */ = {
			isa = PBXVariantGroup;
			children = (
				584B09BB25A36B2700702641 /* Base */,
			);
			name = LaunchScreen.storyboard;
			sourceTree = "<group>";
		};
/* End PBXVariantGroup section */

/* Begin XCBuildConfiguration section */
		584B09D425A36B2700702641 /* Debug */ = {
			isa = XCBuildConfiguration;
			buildSettings = {
				ALWAYS_SEARCH_USER_PATHS = NO;
				CLANG_ANALYZER_NONNULL = YES;
				CLANG_ANALYZER_NUMBER_OBJECT_CONVERSION = YES_AGGRESSIVE;
				CLANG_CXX_LANGUAGE_STANDARD = "gnu++14";
				CLANG_CXX_LIBRARY = "libc++";
				CLANG_ENABLE_MODULES = YES;
				CLANG_ENABLE_OBJC_ARC = YES;
				CLANG_ENABLE_OBJC_WEAK = YES;
				CLANG_WARN_BLOCK_CAPTURE_AUTORELEASING = YES;
				CLANG_WARN_BOOL_CONVERSION = YES;
				CLANG_WARN_COMMA = YES;
				CLANG_WARN_CONSTANT_CONVERSION = YES;
				CLANG_WARN_DEPRECATED_OBJC_IMPLEMENTATIONS = YES;
				CLANG_WARN_DIRECT_OBJC_ISA_USAGE = YES_ERROR;
				CLANG_WARN_DOCUMENTATION_COMMENTS = YES;
				CLANG_WARN_EMPTY_BODY = YES;
				CLANG_WARN_ENUM_CONVERSION = YES;
				CLANG_WARN_INFINITE_RECURSION = YES;
				CLANG_WARN_INT_CONVERSION = YES;
				CLANG_WARN_NON_LITERAL_NULL_CONVERSION = YES;
				CLANG_WARN_OBJC_IMPLICIT_RETAIN_SELF = YES;
				CLANG_WARN_OBJC_LITERAL_CONVERSION = YES;
				CLANG_WARN_OBJC_ROOT_CLASS = YES_ERROR;
				CLANG_WARN_QUOTED_INCLUDE_IN_FRAMEWORK_HEADER = YES;
				CLANG_WARN_RANGE_LOOP_ANALYSIS = YES;
				CLANG_WARN_STRICT_PROTOTYPES = YES;
				CLANG_WARN_SUSPICIOUS_MOVE = YES;
				CLANG_WARN_UNGUARDED_AVAILABILITY = YES_AGGRESSIVE;
				CLANG_WARN_UNREACHABLE_CODE = YES;
				CLANG_WARN__DUPLICATE_METHOD_MATCH = YES;
				COPY_PHASE_STRIP = NO;
				DEBUG_INFORMATION_FORMAT = dwarf;
				ENABLE_STRICT_OBJC_MSGSEND = YES;
				ENABLE_TESTABILITY = YES;
				GCC_C_LANGUAGE_STANDARD = gnu11;
				GCC_DYNAMIC_NO_PIC = NO;
				GCC_NO_COMMON_BLOCKS = YES;
				GCC_OPTIMIZATION_LEVEL = 0;
				GCC_PREPROCESSOR_DEFINITIONS = (
					"DEBUG=1",
					"$(inherited)",
				);
				GCC_WARN_64_TO_32_BIT_CONVERSION = YES;
				GCC_WARN_ABOUT_RETURN_TYPE = YES_ERROR;
				GCC_WARN_UNDECLARED_SELECTOR = YES;
				GCC_WARN_UNINITIALIZED_AUTOS = YES_AGGRESSIVE;
				GCC_WARN_UNUSED_FUNCTION = YES;
				GCC_WARN_UNUSED_VARIABLE = YES;
				IPHONEOS_DEPLOYMENT_TARGET = 14.3;
				MTL_ENABLE_DEBUG_INFO = INCLUDE_SOURCE;
				MTL_FAST_MATH = YES;
				ONLY_ACTIVE_ARCH = YES;
				SDKROOT = iphoneos;
				SWIFT_ACTIVE_COMPILATION_CONDITIONS = DEBUG;
				SWIFT_OPTIMIZATION_LEVEL = "-Onone";
			};
			name = Debug;
		};
		584B09D525A36B2700702641 /* Release */ = {
			isa = XCBuildConfiguration;
			buildSettings = {
				ALWAYS_SEARCH_USER_PATHS = NO;
				CLANG_ANALYZER_NONNULL = YES;
				CLANG_ANALYZER_NUMBER_OBJECT_CONVERSION = YES_AGGRESSIVE;
				CLANG_CXX_LANGUAGE_STANDARD = "gnu++14";
				CLANG_CXX_LIBRARY = "libc++";
				CLANG_ENABLE_MODULES = YES;
				CLANG_ENABLE_OBJC_ARC = YES;
				CLANG_ENABLE_OBJC_WEAK = YES;
				CLANG_WARN_BLOCK_CAPTURE_AUTORELEASING = YES;
				CLANG_WARN_BOOL_CONVERSION = YES;
				CLANG_WARN_COMMA = YES;
				CLANG_WARN_CONSTANT_CONVERSION = YES;
				CLANG_WARN_DEPRECATED_OBJC_IMPLEMENTATIONS = YES;
				CLANG_WARN_DIRECT_OBJC_ISA_USAGE = YES_ERROR;
				CLANG_WARN_DOCUMENTATION_COMMENTS = YES;
				CLANG_WARN_EMPTY_BODY = YES;
				CLANG_WARN_ENUM_CONVERSION = YES;
				CLANG_WARN_INFINITE_RECURSION = YES;
				CLANG_WARN_INT_CONVERSION = YES;
				CLANG_WARN_NON_LITERAL_NULL_CONVERSION = YES;
				CLANG_WARN_OBJC_IMPLICIT_RETAIN_SELF = YES;
				CLANG_WARN_OBJC_LITERAL_CONVERSION = YES;
				CLANG_WARN_OBJC_ROOT_CLASS = YES_ERROR;
				CLANG_WARN_QUOTED_INCLUDE_IN_FRAMEWORK_HEADER = YES;
				CLANG_WARN_RANGE_LOOP_ANALYSIS = YES;
				CLANG_WARN_STRICT_PROTOTYPES = YES;
				CLANG_WARN_SUSPICIOUS_MOVE = YES;
				CLANG_WARN_UNGUARDED_AVAILABILITY = YES_AGGRESSIVE;
				CLANG_WARN_UNREACHABLE_CODE = YES;
				CLANG_WARN__DUPLICATE_METHOD_MATCH = YES;
				COPY_PHASE_STRIP = NO;
				DEBUG_INFORMATION_FORMAT = "dwarf-with-dsym";
				ENABLE_NS_ASSERTIONS = NO;
				ENABLE_STRICT_OBJC_MSGSEND = YES;
				GCC_C_LANGUAGE_STANDARD = gnu11;
				GCC_NO_COMMON_BLOCKS = YES;
				GCC_WARN_64_TO_32_BIT_CONVERSION = YES;
				GCC_WARN_ABOUT_RETURN_TYPE = YES_ERROR;
				GCC_WARN_UNDECLARED_SELECTOR = YES;
				GCC_WARN_UNINITIALIZED_AUTOS = YES_AGGRESSIVE;
				GCC_WARN_UNUSED_FUNCTION = YES;
				GCC_WARN_UNUSED_VARIABLE = YES;
				IPHONEOS_DEPLOYMENT_TARGET = 14.3;
				MTL_ENABLE_DEBUG_INFO = NO;
				MTL_FAST_MATH = YES;
				SDKROOT = iphoneos;
				SWIFT_COMPILATION_MODE = wholemodule;
				SWIFT_OPTIMIZATION_LEVEL = "-O";
				VALIDATE_PRODUCT = YES;
			};
			name = Release;
		};
		584B09D725A36B2700702641 /* Debug */ = {
			isa = XCBuildConfiguration;
			buildSettings = {
				ASSETCATALOG_COMPILER_APPICON_NAME = AppIcon;
				ASSETCATALOG_COMPILER_GLOBAL_ACCENT_COLOR_NAME = AccentColor;
				CODE_SIGN_STYLE = Automatic;
				INFOPLIST_FILE = TipCalculatorLegit/Info.plist;
				LD_RUNPATH_SEARCH_PATHS = (
					"$(inherited)",
					"@executable_path/Frameworks",
				);
				PRODUCT_BUNDLE_IDENTIFIER = codepath.TipCalculatorLegit;
				PRODUCT_NAME = "$(TARGET_NAME)";
				SWIFT_VERSION = 5.0;
				TARGETED_DEVICE_FAMILY = "1,2";
			};
			name = Debug;
		};
		584B09D825A36B2700702641 /* Release */ = {
			isa = XCBuildConfiguration;
			buildSettings = {
				ASSETCATALOG_COMPILER_APPICON_NAME = AppIcon;
				ASSETCATALOG_COMPILER_GLOBAL_ACCENT_COLOR_NAME = AccentColor;
				CODE_SIGN_STYLE = Automatic;
				INFOPLIST_FILE = TipCalculatorLegit/Info.plist;
				LD_RUNPATH_SEARCH_PATHS = (
					"$(inherited)",
					"@executable_path/Frameworks",
				);
				PRODUCT_BUNDLE_IDENTIFIER = codepath.TipCalculatorLegit;
				PRODUCT_NAME = "$(TARGET_NAME)";
				SWIFT_VERSION = 5.0;
				TARGETED_DEVICE_FAMILY = "1,2";
			};
			name = Release;
		};
		584B09DA25A36B2700702641 /* Debug */ = {
			isa = XCBuildConfiguration;
			buildSettings = {
				ALWAYS_EMBED_SWIFT_STANDARD_LIBRARIES = YES;
				BUNDLE_LOADER = "$(TEST_HOST)";
				CODE_SIGN_STYLE = Automatic;
				INFOPLIST_FILE = TipCalculatorLegitTests/Info.plist;
				IPHONEOS_DEPLOYMENT_TARGET = 14.3;
				LD_RUNPATH_SEARCH_PATHS = (
					"$(inherited)",
					"@executable_path/Frameworks",
					"@loader_path/Frameworks",
				);
				PRODUCT_BUNDLE_IDENTIFIER = codepath.TipCalculatorLegitTests;
				PRODUCT_NAME = "$(TARGET_NAME)";
				SWIFT_VERSION = 5.0;
				TARGETED_DEVICE_FAMILY = "1,2";
				TEST_HOST = "$(BUILT_PRODUCTS_DIR)/TipCalculatorLegit.app/TipCalculatorLegit";
			};
			name = Debug;
		};
		584B09DB25A36B2700702641 /* Release */ = {
			isa = XCBuildConfiguration;
			buildSettings = {
				ALWAYS_EMBED_SWIFT_STANDARD_LIBRARIES = YES;
				BUNDLE_LOADER = "$(TEST_HOST)";
				CODE_SIGN_STYLE = Automatic;
				INFOPLIST_FILE = TipCalculatorLegitTests/Info.plist;
				IPHONEOS_DEPLOYMENT_TARGET = 14.3;
				LD_RUNPATH_SEARCH_PATHS = (
					"$(inherited)",
					"@executable_path/Frameworks",
					"@loader_path/Frameworks",
				);
				PRODUCT_BUNDLE_IDENTIFIER = codepath.TipCalculatorLegitTests;
				PRODUCT_NAME = "$(TARGET_NAME)";
				SWIFT_VERSION = 5.0;
				TARGETED_DEVICE_FAMILY = "1,2";
				TEST_HOST = "$(BUILT_PRODUCTS_DIR)/TipCalculatorLegit.app/TipCalculatorLegit";
			};
			name = Release;
		};
		584B09DD25A36B2700702641 /* Debug */ = {
			isa = XCBuildConfiguration;
			buildSettings = {
				ALWAYS_EMBED_SWIFT_STANDARD_LIBRARIES = YES;
				CODE_SIGN_STYLE = Automatic;
				INFOPLIST_FILE = TipCalculatorLegitUITests/Info.plist;
				LD_RUNPATH_SEARCH_PATHS = (
					"$(inherited)",
					"@executable_path/Frameworks",
					"@loader_path/Frameworks",
				);
				PRODUCT_BUNDLE_IDENTIFIER = codepath.TipCalculatorLegitUITests;
				PRODUCT_NAME = "$(TARGET_NAME)";
				SWIFT_VERSION = 5.0;
				TARGETED_DEVICE_FAMILY = "1,2";
				TEST_TARGET_NAME = TipCalculatorLegit;
			};
			name = Debug;
		};
		584B09DE25A36B2700702641 /* Release */ = {
			isa = XCBuildConfiguration;
			buildSettings = {
				ALWAYS_EMBED_SWIFT_STANDARD_LIBRARIES = YES;
				CODE_SIGN_STYLE = Automatic;
				INFOPLIST_FILE = TipCalculatorLegitUITests/Info.plist;
				LD_RUNPATH_SEARCH_PATHS = (
					"$(inherited)",
					"@executable_path/Frameworks",
					"@loader_path/Frameworks",
				);
				PRODUCT_BUNDLE_IDENTIFIER = codepath.TipCalculatorLegitUITests;
				PRODUCT_NAME = "$(TARGET_NAME)";
				SWIFT_VERSION = 5.0;
				TARGETED_DEVICE_FAMILY = "1,2";
				TEST_TARGET_NAME = TipCalculatorLegit;
			};
			name = Release;
		};
/* End XCBuildConfiguration section */

/* Begin XCConfigurationList section */
		584B09A725A36B2500702641 /* Build configuration list for PBXProject "TipCalculatorLegit" */ = {
			isa = XCConfigurationList;
			buildConfigurations = (
				584B09D425A36B2700702641 /* Debug */,
				584B09D525A36B2700702641 /* Release */,
			);
			defaultConfigurationIsVisible = 0;
			defaultConfigurationName = Release;
		};
		584B09D625A36B2700702641 /* Build configuration list for PBXNativeTarget "TipCalculatorLegit" */ = {
			isa = XCConfigurationList;
			buildConfigurations = (
				584B09D725A36B2700702641 /* Debug */,
				584B09D825A36B2700702641 /* Release */,
			);
			defaultConfigurationIsVisible = 0;
			defaultConfigurationName = Release;
		};
		584B09D925A36B2700702641 /* Build configuration list for PBXNativeTarget "TipCalculatorLegitTests" */ = {
			isa = XCConfigurationList;
			buildConfigurations = (
				584B09DA25A36B2700702641 /* Debug */,
				584B09DB25A36B2700702641 /* Release */,
			);
			defaultConfigurationIsVisible = 0;
			defaultConfigurationName = Release;
		};
		584B09DC25A36B2700702641 /* Build configuration list for PBXNativeTarget "TipCalculatorLegitUITests" */ = {
			isa = XCConfigurationList;
			buildConfigurations = (
				584B09DD25A36B2700702641 /* Debug */,
				584B09DE25A36B2700702641 /* Release */,
			);
			defaultConfigurationIsVisible = 0;
			defaultConfigurationName = Release;
		};
/* End XCConfigurationList section */
	};
	rootObject = 584B09A425A36B2500702641 /* Project object */;
}
